<?xml version="1.0" encoding="utf-8"?>
<Project ToolsVersion="4.0" xmlns="http://schemas.microsoft.com/developer/msbuild/2003">
  <ItemGroup>
    <Filter Include="Shaders">
      <UniqueIdentifier>{ab845166-1745-4470-b2c3-84d8442fdb68}</UniqueIdentifier>
    </Filter>
    <Filter Include="Source Files">
      <UniqueIdentifier>{4FC737F1-C7A5-4376-A066-2A32D752A2FF}</UniqueIdentifier>
      <Extensions>cpp;c;cc;cxx;def;odl;idl;hpj;bat;asm;asmx</Extensions>
    </Filter>
    <Filter Include="Header Files">
      <UniqueIdentifier>{93995380-89BD-4b04-88EB-625FBE52EBFB}</UniqueIdentifier>
      <Extensions>h;hh;hpp;hxx;hm;inl;inc;ipp;xsd</Extensions>
    </Filter>
    <Filter Include="Header Files\ToysRoomObjecs">
      <UniqueIdentifier>{e3704fe6-8df2-4b7e-9033-7b91ec45ce64}</UniqueIdentifier>
    </Filter>
    <Filter Include="Header Files\objects">
      <UniqueIdentifier>{de61a624-d762-4641-8154-d684b2a9046d}</UniqueIdentifier>
    </Filter>
    <Filter Include="Header Files\Meshes">
      <UniqueIdentifier>{303315e4-ecc9-4d68-b9fb-97bea6f600fe}</UniqueIdentifier>
    </Filter>
  </ItemGroup>
  <ItemGroup>
    <ClCompile Include="main.cpp">
      <Filter>Source Files</Filter>
    </ClCompile>
    <ClCompile Include="stb_image.cpp">
      <Filter>Source Files</Filter>
    </ClCompile>
    <ClCompile Include="glad.c">
      <Filter>Source Files</Filter>
    </ClCompile>
    <ClCompile Include="textureLoad.cpp">
      <Filter>Source Files</Filter>
    </ClCompile>
    <ClCompile Include="WallWithHole.cpp">
      <Filter>Source Files</Filter>
    </ClCompile>
    <ClCompile Include="..\learn\Programming\OpenGL\openGl modern\opengl-tutorials\YoutubeOpenGL 6 - Textures\stb.cpp">
      <Filter>Source Files</Filter>
    </ClCompile>
    <ClCompile Include="..\learn\Programming\OpenGL\openGl modern\opengl-tutorials\YoutubeOpenGL 12 - Mesh Class\EBO.cpp">
      <Filter>Source Files</Filter>
    </ClCompile>
    <ClCompile Include="..\learn\Programming\OpenGL\openGl modern\opengl-tutorials\YoutubeOpenGL 12 - Mesh Class\VAO.cpp">
      <Filter>Source Files</Filter>
    </ClCompile>
    <ClCompile Include="..\learn\Programming\OpenGL\openGl modern\opengl-tutorials\YoutubeOpenGL 12 - Mesh Class\VBO.cpp">
      <Filter>Source Files</Filter>
    </ClCompile>
    <ClCompile Include="Texture.cpp">
      <Filter>Source Files</Filter>
    </ClCompile>
    <ClCompile Include="Mesh.cpp">
      <Filter>Source Files</Filter>
    </ClCompile>
    <ClCompile Include="ToyStore.cpp">
      <Filter>Source Files</Filter>
    </ClCompile>
    <ClCompile Include="Model.cpp">
      <Filter>Source Files</Filter>
    </ClCompile>
  </ItemGroup>
  <ItemGroup>
    <ClInclude Include="Shader.h">
      <Filter>Header Files</Filter>
    </ClInclude>
    <ClInclude Include="stb_image.h">
      <Filter>Header Files</Filter>
    </ClInclude>
    <ClInclude Include="Camera.h">
      <Filter>Header Files</Filter>
    </ClInclude>
    <ClInclude Include="include\ft2build.h">
      <Filter>Header Files</Filter>
    </ClInclude>
    <ClInclude Include="Doraimon.h">
      <Filter>Header Files</Filter>
    </ClInclude>
    <ClInclude Include="TextureLoader.h">
      <Filter>Header Files</Filter>
    </ClInclude>
    <ClInclude Include="Model.h">
      <Filter>Header Files</Filter>
    </ClInclude>
    <ClInclude Include="WallHole.h">
      <Filter>Header Files</Filter>
    </ClInclude>
    <ClInclude Include="DoorWall.h">
      <Filter>Header Files</Filter>
    </ClInclude>
    <ClInclude Include="LiftRoomDoor.h">
      <Filter>Header Files</Filter>
    </ClInclude>
    <ClInclude Include="Mesh.h">
      <Filter>Header Files</Filter>
    </ClInclude>
    <ClInclude Include="VAO.h">
      <Filter>Header Files</Filter>
    </ClInclude>
    <ClInclude Include="VBO.h">
      <Filter>Header Files</Filter>
    </ClInclude>
    <ClInclude Include="EBO.h">
      <Filter>Header Files</Filter>
    </ClInclude>
    <ClInclude Include="Texture.h">
      <Filter>Header Files</Filter>
    </ClInclude>
    <ClInclude Include="TeddyBear.h">
      <Filter>Header Files\ToysRoomObjecs</Filter>
    </ClInclude>
    <ClInclude Include="CarToy.h">
      <Filter>Header Files\ToysRoomObjecs</Filter>
    </ClInclude>
    <ClInclude Include="ToyStore.h">
      <Filter>Header Files\ToysRoomObjecs</Filter>
    </ClInclude>
    <ClInclude Include="Drawer.h">
      <Filter>Header Files\objects</Filter>
    </ClInclude>
    <ClInclude Include="Door.h">
      <Filter>Header Files\objects</Filter>
    </ClInclude>
    <ClInclude Include="Closet.h">
      <Filter>Header Files\objects</Filter>
    </ClInclude>
    <ClInclude Include="Cylinder.h">
      <Filter>Header Files\Meshes</Filter>
    </ClInclude>
    <ClInclude Include="Cuboid.h">
      <Filter>Header Files\Meshes</Filter>
    </ClInclude>
    <ClInclude Include="Lift.h">
      <Filter>Header Files\objects</Filter>
    </ClInclude>
    <ClInclude Include="Arch.h">
      <Filter>Header Files\Meshes</Filter>
    </ClInclude>
    <ClInclude Include="Sphere.h">
      <Filter>Header Files\Meshes</Filter>
    </ClInclude>
    <ClInclude Include="Table.h">
      <Filter>Header Files\objects</Filter>
    </ClInclude>
    <ClInclude Include="ShamCenter.h">
      <Filter>Header Files</Filter>
    </ClInclude>
    <ClInclude Include="Trapeozid.h">
      <Filter>Header Files\Meshes</Filter>
    </ClInclude>
  </ItemGroup>
  <ItemGroup>
    <None Include="simpleVS.vs">
      <Filter>Shaders</Filter>
    </None>
    <None Include="simpleFS.fs">
      <Filter>Shaders</Filter>
    </None>
    <None Include="texFS.fs">
      <Filter>Shaders</Filter>
    </None>
    <None Include="skybox.vs">
      <Filter>Shaders</Filter>
    </None>
    <None Include="skybox.fs">
      <Filter>Shaders</Filter>
    </None>
    <None Include="vertex_shader.glsl">
      <Filter>Shaders</Filter>
    </None>
    <None Include="fragment_shader.glsl">
      <Filter>Shaders</Filter>
    </None>
    <None Include="..\..\Users\Ayoosh\Desktop\Hazel\Hazel\Hazel\assets\shaders\Light.frag">
      <Filter>Shaders</Filter>
    </None>
    <None Include="..\..\Users\Ayoosh\Desktop\Hazel\Hazel\Hazel\assets\shaders\Light.vert">
      <Filter>Shaders</Filter>
    </None>
    <None Include="..\..\Users\Ayoosh\Desktop\Hazel\Hazel\Hazel\assets\shaders\Material.frag">
      <Filter>Shaders</Filter>
    </None>
    <None Include="..\..\Users\Ayoosh\Desktop\Hazel\Hazel\Hazel\assets\shaders\Material.vert">
      <Filter>Shaders</Filter>
    </None>
  </ItemGroup>
</Project>